
Microsoft Visual Studio Solution File, Format Version 12.00
# Visual Studio Version 16
VisualStudioVersion = 16.0.29827.131
MinimumVisualStudioVersion = 10.0.40219.1
Project("{9A19103F-16F7-4668-BE54-9A1E7A4F7556}") = "KittyWorks.HeartKey", "KittyWorks.HeartKey\KittyWorks.HeartKey.csproj", "{34F7564A-98AD-44FE-86EF-2C17B2B3C904}"
EndProject
Global
	GlobalSection(SolutionConfigurationPlatforms) = preSolution
		Debug|Any CPU = Debug|Any CPU
		Release|Any CPU = Release|Any CPU
	EndGlobalSection
	GlobalSection(ProjectConfigurationPlatforms) = postSolution
		{34F7564A-98AD-44FE-86EF-2C17B2B3C904}.Debug|Any CPU.ActiveCfg = Debug|Any CPU
		{34F7564A-98AD-44FE-86EF-2C17B2B3C904}.Debug|Any CPU.Build.0 = Debug|Any CPU
		{34F7564A-98AD-44FE-86EF-2C17B2B3C904}.Release|Any CPU.ActiveCfg = Release|Any CPU
		{34F7564A-98AD-44FE-86EF-2C17B2B3C904}.Release|Any CPU.Build.0 = Release|Any CPU
	EndGlobalSection
	GlobalSection(SolutionProperties) = preSolution
		HideSolutionNode = FALSE
	EndGlobalSection
	GlobalSection(ExtensibilityGlobals) = postSolution
		SolutionGuid = {CC232B6C-E5AB-43B8-A7AC-3F07FA8105C9}
	EndGlobalSection
EndGlobal
